
Microsoft Visual Studio Solution File, Format Version 12.00
# Visual Studio Version 17
VisualStudioVersion = 17.8.34525.116
MinimumVisualStudioVersion = 10.0.40219.1
Project("{9A19103F-16F7-4668-BE54-9A1E7A4F7556}") = "AutomatedWarehouseSystem_WinForms", "AutomatedWarehouseSystem_WinForms\AutomatedWarehouseSystem_WinForms.csproj", "{B235C685-8E15-415D-A98F-B9965EAF246B}"
EndProject
Project("{9A19103F-16F7-4668-BE54-9A1E7A4F7556}") = "AutomatedWarehouseSystem_ClassLib", "AutomatedWarehouseSystem_ClassLib\AutomatedWarehouseSystem_ClassLib.csproj", "{577BCB83-6048-41EA-84C8-BC8457CFA469}"
EndProject
Global
	GlobalSection(SolutionConfigurationPlatforms) = preSolution
		Debug|Any CPU = Debug|Any CPU
		Release|Any CPU = Release|Any CPU
	EndGlobalSection
	GlobalSection(ProjectConfigurationPlatforms) = postSolution
		{B235C685-8E15-415D-A98F-B9965EAF246B}.Debug|Any CPU.ActiveCfg = Debug|Any CPU
		{B235C685-8E15-415D-A98F-B9965EAF246B}.Debug|Any CPU.Build.0 = Debug|Any CPU
		{B235C685-8E15-415D-A98F-B9965EAF246B}.Release|Any CPU.ActiveCfg = Release|Any CPU
		{B235C685-8E15-415D-A98F-B9965EAF246B}.Release|Any CPU.Build.0 = Release|Any CPU
		{577BCB83-6048-41EA-84C8-BC8457CFA469}.Debug|Any CPU.ActiveCfg = Debug|Any CPU
		{577BCB83-6048-41EA-84C8-BC8457CFA469}.Debug|Any CPU.Build.0 = Debug|Any CPU
		{577BCB83-6048-41EA-84C8-BC8457CFA469}.Release|Any CPU.ActiveCfg = Release|Any CPU
		{577BCB83-6048-41EA-84C8-BC8457CFA469}.Release|Any CPU.Build.0 = Release|Any CPU
	EndGlobalSection
	GlobalSection(SolutionProperties) = preSolution
		HideSolutionNode = FALSE
	EndGlobalSection
	GlobalSection(ExtensibilityGlobals) = postSolution
		SolutionGuid = {06706ECD-1DDF-4795-9244-2390C57A201B}
	EndGlobalSection
EndGlobal
